// !$*UTF8*$!
{
	archiveVersion = 1;
	classes = {
	};
	objectVersion = 56;
	objects = {

/* Begin PBXBuildFile section */
		BD4C6BB52B42AA010041E115 /* CoinApp.swift in Sources */ = {isa = PBXBuildFile; fileRef = BD4C6BB42B42AA010041E115 /* CoinApp.swift */; };
		BD4C6BB92B42AA020041E115 /* Assets.xcassets in Resources */ = {isa = PBXBuildFile; fileRef = BD4C6BB82B42AA020041E115 /* Assets.xcassets */; };
		BD4C6BBC2B42AA020041E115 /* Preview Assets.xcassets in Resources */ = {isa = PBXBuildFile; fileRef = BD4C6BBB2B42AA020041E115 /* Preview Assets.xcassets */; };
		BD4C6BC32B42AA1A0041E115 /* ExchangeRatesView.swift in Sources */ = {isa = PBXBuildFile; fileRef = BD4C6BC22B42AA1A0041E115 /* ExchangeRatesView.swift */; };
		BD4C6BC52B42AA2F0041E115 /* ExchangeRatesViewModel.swift in Sources */ = {isa = PBXBuildFile; fileRef = BD4C6BC42B42AA2F0041E115 /* ExchangeRatesViewModel.swift */; };
		BD4C6BC72B42AA440041E115 /* APIManager.swift in Sources */ = {isa = PBXBuildFile; fileRef = BD4C6BC62B42AA440041E115 /* APIManager.swift */; };
		BD4C6BC92B42AA580041E115 /* Rate.swift in Sources */ = {isa = PBXBuildFile; fileRef = BD4C6BC82B42AA580041E115 /* Rate.swift */; };
		BD4C6BCB2B42AA680041E115 /* Currencies.swift in Sources */ = {isa = PBXBuildFile; fileRef = BD4C6BCA2B42AA680041E115 /* Currencies.swift */; };
		BD4C6BD12B42AADB0041E115 /* DateConverter.m in Sources */ = {isa = PBXBuildFile; fileRef = BD4C6BD02B42AADB0041E115 /* DateConverter.m */; };
/* End PBXBuildFile section */

/* Begin PBXFileReference section */
		BD4C6BB12B42AA010041E115 /* Coin.app */ = {isa = PBXFileReference; explicitFileType = wrapper.application; includeInIndex = 0; path = Coin.app; sourceTree = BUILT_PRODUCTS_DIR; };
		BD4C6BB42B42AA010041E115 /* CoinApp.swift */ = {isa = PBXFileReference; lastKnownFileType = sourcecode.swift; path = CoinApp.swift; sourceTree = "<group>"; };
		BD4C6BB82B42AA020041E115 /* Assets.xcassets */ = {isa = PBXFileReference; lastKnownFileType = folder.assetcatalog; path = Assets.xcassets; sourceTree = "<group>"; };
		BD4C6BBB2B42AA020041E115 /* Preview Assets.xcassets */ = {isa = PBXFileReference; lastKnownFileType = folder.assetcatalog; path = "Preview Assets.xcassets"; sourceTree = "<group>"; };
		BD4C6BC22B42AA1A0041E115 /* ExchangeRatesView.swift */ = {isa = PBXFileReference; lastKnownFileType = sourcecode.swift; path = ExchangeRatesView.swift; sourceTree = "<group>"; };
		BD4C6BC42B42AA2F0041E115 /* ExchangeRatesViewModel.swift */ = {isa = PBXFileReference; lastKnownFileType = sourcecode.swift; path = ExchangeRatesViewModel.swift; sourceTree = "<group>"; };
		BD4C6BC62B42AA440041E115 /* APIManager.swift */ = {isa = PBXFileReference; lastKnownFileType = sourcecode.swift; path = APIManager.swift; sourceTree = "<group>"; };
		BD4C6BC82B42AA580041E115 /* Rate.swift */ = {isa = PBXFileReference; lastKnownFileType = sourcecode.swift; path = Rate.swift; sourceTree = "<group>"; };
		BD4C6BCA2B42AA680041E115 /* Currencies.swift */ = {isa = PBXFileReference; lastKnownFileType = sourcecode.swift; path = Currencies.swift; sourceTree = "<group>"; };
		BD4C6BCF2B42AADB0041E115 /* Coin-Bridging-Header.h */ = {isa = PBXFileReference; lastKnownFileType = sourcecode.c.h; path = "Coin-Bridging-Header.h"; sourceTree = "<group>"; };
		BD4C6BD02B42AADB0041E115 /* DateConverter.m */ = {isa = PBXFileReference; lastKnownFileType = sourcecode.c.objc; path = DateConverter.m; sourceTree = "<group>"; };
		BD4C6BD22B42AB100041E115 /* DateConverter.h */ = {isa = PBXFileReference; lastKnownFileType = sourcecode.c.h; path = DateConverter.h; sourceTree = "<group>"; };
/* End PBXFileReference section */

/* Begin PBXFrameworksBuildPhase section */
		BD4C6BAE2B42AA010041E115 /* Frameworks */ = {
			isa = PBXFrameworksBuildPhase;
			buildActionMask = 2147483647;
			files = (
			);
			runOnlyForDeploymentPostprocessing = 0;
		};
/* End PBXFrameworksBuildPhase section */

/* Begin PBXGroup section */
		BD4C6BA82B42AA010041E115 = {
			isa = PBXGroup;
			children = (
				BD4C6BB32B42AA010041E115 /* Coin */,
				BD4C6BB22B42AA010041E115 /* Products */,
			);
			sourceTree = "<group>";
		};
		BD4C6BB22B42AA010041E115 /* Products */ = {
			isa = PBXGroup;
			children = (
				BD4C6BB12B42AA010041E115 /* Coin.app */,
			);
			name = Products;
			sourceTree = "<group>";
		};
		BD4C6BB32B42AA010041E115 /* Coin */ = {
			isa = PBXGroup;
			children = (
				BD4C6BB42B42AA010041E115 /* CoinApp.swift */,
				BD4C6BCC2B42AA7F0041E115 /* ExchangeRates */,
				BD4C6BCD2B42AA870041E115 /* API */,
				BD4C6BCE2B42AA8C0041E115 /* Model */,
				BD4C6BD32B42B5AB0041E115 /* DateConverter */,
				BD4C6BB82B42AA020041E115 /* Assets.xcassets */,
				BD4C6BBA2B42AA020041E115 /* Preview Content */,
			);
			path = Coin;
			sourceTree = "<group>";
		};
		BD4C6BBA2B42AA020041E115 /* Preview Content */ = {
			isa = PBXGroup;
			children = (
				BD4C6BBB2B42AA020041E115 /* Preview Assets.xcassets */,
			);
			path = "Preview Content";
			sourceTree = "<group>";
		};
		BD4C6BCC2B42AA7F0041E115 /* ExchangeRates */ = {
			isa = PBXGroup;
			children = (
				BD4C6BC22B42AA1A0041E115 /* ExchangeRatesView.swift */,
				BD4C6BC42B42AA2F0041E115 /* ExchangeRatesViewModel.swift */,
			);
			path = ExchangeRates;
			sourceTree = "<group>";
		};
		BD4C6BCD2B42AA870041E115 /* API */ = {
			isa = PBXGroup;
			children = (
				BD4C6BC62B42AA440041E115 /* APIManager.swift */,
			);
			path = API;
			sourceTree = "<group>";
		};
		BD4C6BCE2B42AA8C0041E115 /* Model */ = {
			isa = PBXGroup;
			children = (
				BD4C6BC82B42AA580041E115 /* Rate.swift */,
				BD4C6BCA2B42AA680041E115 /* Currencies.swift */,
			);
			path = Model;
			sourceTree = "<group>";
		};
		BD4C6BD32B42B5AB0041E115 /* DateConverter */ = {
			isa = PBXGroup;
			children = (
				BD4C6BD02B42AADB0041E115 /* DateConverter.m */,
				BD4C6BD22B42AB100041E115 /* DateConverter.h */,
				BD4C6BCF2B42AADB0041E115 /* Coin-Bridging-Header.h */,
			);
			path = DateConverter;
			sourceTree = "<group>";
		};
/* End PBXGroup section */

/* Begin PBXNativeTarget section */
		BD4C6BB02B42AA010041E115 /* Coin */ = {
			isa = PBXNativeTarget;
			buildConfigurationList = BD4C6BBF2B42AA020041E115 /* Build configuration list for PBXNativeTarget "Coin" */;
			buildPhases = (
				BD4C6BAD2B42AA010041E115 /* Sources */,
				BD4C6BAE2B42AA010041E115 /* Frameworks */,
				BD4C6BAF2B42AA010041E115 /* Resources */,
			);
			buildRules = (
			);
			dependencies = (
			);
			name = Coin;
			productName = Coin;
			productReference = BD4C6BB12B42AA010041E115 /* Coin.app */;
			productType = "com.apple.product-type.application";
		};
/* End PBXNativeTarget section */

/* Begin PBXProject section */
		BD4C6BA92B42AA010041E115 /* Project object */ = {
			isa = PBXProject;
			attributes = {
				BuildIndependentTargetsInParallel = 1;
				LastSwiftUpdateCheck = 1510;
				LastUpgradeCheck = 1510;
				TargetAttributes = {
					BD4C6BB02B42AA010041E115 = {
						CreatedOnToolsVersion = 15.1;
						LastSwiftMigration = 1510;
					};
				};
			};
			buildConfigurationList = BD4C6BAC2B42AA010041E115 /* Build configuration list for PBXProject "Coin" */;
			compatibilityVersion = "Xcode 14.0";
			developmentRegion = en;
			hasScannedForEncodings = 0;
			knownRegions = (
				en,
				Base,
			);
			mainGroup = BD4C6BA82B42AA010041E115;
			productRefGroup = BD4C6BB22B42AA010041E115 /* Products */;
			projectDirPath = "";
			projectRoot = "";
			targets = (
				BD4C6BB02B42AA010041E115 /* Coin */,
			);
		};
/* End PBXProject section */

/* Begin PBXResourcesBuildPhase section */
		BD4C6BAF2B42AA010041E115 /* Resources */ = {
			isa = PBXResourcesBuildPhase;
			buildActionMask = 2147483647;
			files = (
				BD4C6BBC2B42AA020041E115 /* Preview Assets.xcassets in Resources */,
				BD4C6BB92B42AA020041E115 /* Assets.xcassets in Resources */,
			);
			runOnlyForDeploymentPostprocessing = 0;
		};
/* End PBXResourcesBuildPhase section */

/* Begin PBXSourcesBuildPhase section */
		BD4C6BAD2B42AA010041E115 /* Sources */ = {
			isa = PBXSourcesBuildPhase;
			buildActionMask = 2147483647;
			files = (
				BD4C6BCB2B42AA680041E115 /* Currencies.swift in Sources */,
				BD4C6BC52B42AA2F0041E115 /* ExchangeRatesViewModel.swift in Sources */,
				BD4C6BC72B42AA440041E115 /* APIManager.swift in Sources */,
				BD4C6BD12B42AADB0041E115 /* DateConverter.m in Sources */,
				BD4C6BC92B42AA580041E115 /* Rate.swift in Sources */,
				BD4C6BC32B42AA1A0041E115 /* ExchangeRatesView.swift in Sources */,
				BD4C6BB52B42AA010041E115 /* CoinApp.swift in Sources */,
			);
			runOnlyForDeploymentPostprocessing = 0;
		};
/* End PBXSourcesBuildPhase section */

/* Begin XCBuildConfiguration section */
		BD4C6BBD2B42AA020041E115 /* Debug */ = {
			isa = XCBuildConfiguration;
			buildSettings = {
				ALWAYS_SEARCH_USER_PATHS = NO;
				ASSETCATALOG_COMPILER_GENERATE_SWIFT_ASSET_SYMBOL_EXTENSIONS = YES;
				CLANG_ANALYZER_NONNULL = YES;
				CLANG_ANALYZER_NUMBER_OBJECT_CONVERSION = YES_AGGRESSIVE;
				CLANG_CXX_LANGUAGE_STANDARD = "gnu++20";
				CLANG_ENABLE_MODULES = YES;
				CLANG_ENABLE_OBJC_ARC = YES;
				CLANG_ENABLE_OBJC_WEAK = YES;
				CLANG_WARN_BLOCK_CAPTURE_AUTORELEASING = YES;
				CLANG_WARN_BOOL_CONVERSION = YES;
				CLANG_WARN_COMMA = YES;
				CLANG_WARN_CONSTANT_CONVERSION = YES;
				CLANG_WARN_DEPRECATED_OBJC_IMPLEMENTATIONS = YES;
				CLANG_WARN_DIRECT_OBJC_ISA_USAGE = YES_ERROR;
				CLANG_WARN_DOCUMENTATION_COMMENTS = YES;
				CLANG_WARN_EMPTY_BODY = YES;
				CLANG_WARN_ENUM_CONVERSION = YES;
				CLANG_WARN_INFINITE_RECURSION = YES;
				CLANG_WARN_INT_CONVERSION = YES;
				CLANG_WARN_NON_LITERAL_NULL_CONVERSION = YES;
				CLANG_WARN_OBJC_IMPLICIT_RETAIN_SELF = YES;
				CLANG_WARN_OBJC_LITERAL_CONVERSION = YES;
				CLANG_WARN_OBJC_ROOT_CLASS = YES_ERROR;
				CLANG_WARN_QUOTED_INCLUDE_IN_FRAMEWORK_HEADER = YES;
				CLANG_WARN_RANGE_LOOP_ANALYSIS = YES;
				CLANG_WARN_STRICT_PROTOTYPES = YES;
				CLANG_WARN_SUSPICIOUS_MOVE = YES;
				CLANG_WARN_UNGUARDED_AVAILABILITY = YES_AGGRESSIVE;
				CLANG_WARN_UNREACHABLE_CODE = YES;
				CLANG_WARN__DUPLICATE_METHOD_MATCH = YES;
				COPY_PHASE_STRIP = NO;
				DEBUG_INFORMATION_FORMAT = dwarf;
				ENABLE_STRICT_OBJC_MSGSEND = YES;
				ENABLE_TESTABILITY = YES;
				ENABLE_USER_SCRIPT_SANDBOXING = YES;
				GCC_C_LANGUAGE_STANDARD = gnu17;
				GCC_DYNAMIC_NO_PIC = NO;
				GCC_NO_COMMON_BLOCKS = YES;
				GCC_OPTIMIZATION_LEVEL = 0;
				GCC_PREPROCESSOR_DEFINITIONS = (
					"DEBUG=1",
					"$(inherited)",
				);
				GCC_WARN_64_TO_32_BIT_CONVERSION = YES;
				GCC_WARN_ABOUT_RETURN_TYPE = YES_ERROR;
				GCC_WARN_UNDECLARED_SELECTOR = YES;
				GCC_WARN_UNINITIALIZED_AUTOS = YES_AGGRESSIVE;
				GCC_WARN_UNUSED_FUNCTION = YES;
				GCC_WARN_UNUSED_VARIABLE = YES;
				IPHONEOS_DEPLOYMENT_TARGET = 16.0;
				LOCALIZATION_PREFERS_STRING_CATALOGS = YES;
				MTL_ENABLE_DEBUG_INFO = INCLUDE_SOURCE;
				MTL_FAST_MATH = YES;
				ONLY_ACTIVE_ARCH = YES;
				SDKROOT = iphoneos;
				SWIFT_ACTIVE_COMPILATION_CONDITIONS = "DEBUG $(inherited)";
				SWIFT_OPTIMIZATION_LEVEL = "-Onone";
			};
			name = Debug;
		};
		BD4C6BBE2B42AA020041E115 /* Release */ = {
			isa = XCBuildConfiguration;
			buildSettings = {
				ALWAYS_SEARCH_USER_PATHS = NO;
				ASSETCATALOG_COMPILER_GENERATE_SWIFT_ASSET_SYMBOL_EXTENSIONS = YES;
				CLANG_ANALYZER_NONNULL = YES;
				CLANG_ANALYZER_NUMBER_OBJECT_CONVERSION = YES_AGGRESSIVE;
				CLANG_CXX_LANGUAGE_STANDARD = "gnu++20";
				CLANG_ENABLE_MODULES = YES;
				CLANG_ENABLE_OBJC_ARC = YES;
				CLANG_ENABLE_OBJC_WEAK = YES;
				CLANG_WARN_BLOCK_CAPTURE_AUTORELEASING = YES;
				CLANG_WARN_BOOL_CONVERSION = YES;
				CLANG_WARN_COMMA = YES;
				CLANG_WARN_CONSTANT_CONVERSION = YES;
				CLANG_WARN_DEPRECATED_OBJC_IMPLEMENTATIONS = YES;
				CLANG_WARN_DIRECT_OBJC_ISA_USAGE = YES_ERROR;
				CLANG_WARN_DOCUMENTATION_COMMENTS = YES;
				CLANG_WARN_EMPTY_BODY = YES;
				CLANG_WARN_ENUM_CONVERSION = YES;
				CLANG_WARN_INFINITE_RECURSION = YES;
				CLANG_WARN_INT_CONVERSION = YES;
				CLANG_WARN_NON_LITERAL_NULL_CONVERSION = YES;
				CLANG_WARN_OBJC_IMPLICIT_RETAIN_SELF = YES;
				CLANG_WARN_OBJC_LITERAL_CONVERSION = YES;
				CLANG_WARN_OBJC_ROOT_CLASS = YES_ERROR;
				CLANG_WARN_QUOTED_INCLUDE_IN_FRAMEWORK_HEADER = YES;
				CLANG_WARN_RANGE_LOOP_ANALYSIS = YES;
				CLANG_WARN_STRICT_PROTOTYPES = YES;
				CLANG_WARN_SUSPICIOUS_MOVE = YES;
				CLANG_WARN_UNGUARDED_AVAILABILITY = YES_AGGRESSIVE;
				CLANG_WARN_UNREACHABLE_CODE = YES;
				CLANG_WARN__DUPLICATE_METHOD_MATCH = YES;
				COPY_PHASE_STRIP = NO;
				DEBUG_INFORMATION_FORMAT = "dwarf-with-dsym";
				ENABLE_NS_ASSERTIONS = NO;
				ENABLE_STRICT_OBJC_MSGSEND = YES;
				ENABLE_USER_SCRIPT_SANDBOXING = YES;
				GCC_C_LANGUAGE_STANDARD = gnu17;
				GCC_NO_COMMON_BLOCKS = YES;
				GCC_WARN_64_TO_32_BIT_CONVERSION = YES;
				GCC_WARN_ABOUT_RETURN_TYPE = YES_ERROR;
				GCC_WARN_UNDECLARED_SELECTOR = YES;
				GCC_WARN_UNINITIALIZED_AUTOS = YES_AGGRESSIVE;
				GCC_WARN_UNUSED_FUNCTION = YES;
				GCC_WARN_UNUSED_VARIABLE = YES;
				IPHONEOS_DEPLOYMENT_TARGET = 16.0;
				LOCALIZATION_PREFERS_STRING_CATALOGS = YES;
				MTL_ENABLE_DEBUG_INFO = NO;
				MTL_FAST_MATH = YES;
				SDKROOT = iphoneos;
				SWIFT_COMPILATION_MODE = wholemodule;
				VALIDATE_PRODUCT = YES;
			};
			name = Release;
		};
		BD4C6BC02B42AA020041E115 /* Debug */ = {
			isa = XCBuildConfiguration;
			buildSettings = {
				ASSETCATALOG_COMPILER_APPICON_NAME = AppIcon;
				ASSETCATALOG_COMPILER_GLOBAL_ACCENT_COLOR_NAME = AccentColor;
				CLANG_ENABLE_MODULES = YES;
				CODE_SIGN_STYLE = Automatic;
				CURRENT_PROJECT_VERSION = 1;
				DEVELOPMENT_ASSET_PATHS = "\"Coin/Preview Content\"";
				DEVELOPMENT_TEAM = Y32KBTQURG;
				ENABLE_PREVIEWS = YES;
				GENERATE_INFOPLIST_FILE = YES;
				INFOPLIST_KEY_UIApplicationSceneManifest_Generation = YES;
				INFOPLIST_KEY_UIApplicationSupportsIndirectInputEvents = YES;
				INFOPLIST_KEY_UILaunchScreen_Generation = YES;
				INFOPLIST_KEY_UISupportedInterfaceOrientations_iPad = "UIInterfaceOrientationPortrait UIInterfaceOrientationPortraitUpsideDown UIInterfaceOrientationLandscapeLeft UIInterfaceOrientationLandscapeRight";
				INFOPLIST_KEY_UISupportedInterfaceOrientations_iPhone = "UIInterfaceOrientationPortrait UIInterfaceOrientationLandscapeLeft UIInterfaceOrientationLandscapeRight";
				LD_RUNPATH_SEARCH_PATHS = (
					"$(inherited)",
					"@executable_path/Frameworks",
				);
				MARKETING_VERSION = 1.0;
				PRODUCT_BUNDLE_IDENTIFIER = com.krlsrlsv.Coin;
				PRODUCT_NAME = "$(TARGET_NAME)";
				SWIFT_EMIT_LOC_STRINGS = YES;
				SWIFT_OBJC_BRIDGING_HEADER = "Coin/DateConverter/Coin-Bridging-Header.h";
				SWIFT_OPTIMIZATION_LEVEL = "-Onone";
				SWIFT_VERSION = 5.0;
				TARGETED_DEVICE_FAMILY = "1,2";
			};
			name = Debug;
		};
		BD4C6BC12B42AA020041E115 /* Release */ = {
			isa = XCBuildConfiguration;
			buildSettings = {
				ASSETCATALOG_COMPILER_APPICON_NAME = AppIcon;
				ASSETCATALOG_COMPILER_GLOBAL_ACCENT_COLOR_NAME = AccentColor;
				CLANG_ENABLE_MODULES = YES;
				CODE_SIGN_STYLE = Automatic;
				CURRENT_PROJECT_VERSION = 1;
				DEVELOPMENT_ASSET_PATHS = "\"Coin/Preview Content\"";
				DEVELOPMENT_TEAM = Y32KBTQURG;
				ENABLE_PREVIEWS = YES;
				GENERATE_INFOPLIST_FILE = YES;
				INFOPLIST_KEY_UIApplicationSceneManifest_Generation = YES;
				INFOPLIST_KEY_UIApplicationSupportsIndirectInputEvents = YES;
				INFOPLIST_KEY_UILaunchScreen_Generation = YES;
				INFOPLIST_KEY_UISupportedInterfaceOrientations_iPad = "UIInterfaceOrientationPortrait UIInterfaceOrientationPortraitUpsideDown UIInterfaceOrientationLandscapeLeft UIInterfaceOrientationLandscapeRight";
				INFOPLIST_KEY_UISupportedInterfaceOrientations_iPhone = "UIInterfaceOrientationPortrait UIInterfaceOrientationLandscapeLeft UIInterfaceOrientationLandscapeRight";
				LD_RUNPATH_SEARCH_PATHS = (
					"$(inherited)",
					"@executable_path/Frameworks",
				);
				MARKETING_VERSION = 1.0;
				PRODUCT_BUNDLE_IDENTIFIER = com.krlsrlsv.Coin;
				PRODUCT_NAME = "$(TARGET_NAME)";
				SWIFT_EMIT_LOC_STRINGS = YES;
				SWIFT_OBJC_BRIDGING_HEADER = "Coin/DateConverter/Coin-Bridging-Header.h";
				SWIFT_VERSION = 5.0;
				TARGETED_DEVICE_FAMILY = "1,2";
			};
			name = Release;
		};
/* End XCBuildConfiguration section */

/* Begin XCConfigurationList section */
		BD4C6BAC2B42AA010041E115 /* Build configuration list for PBXProject "Coin" */ = {
			isa = XCConfigurationList;
			buildConfigurations = (
				BD4C6BBD2B42AA020041E115 /* Debug */,
				BD4C6BBE2B42AA020041E115 /* Release */,
			);
			defaultConfigurationIsVisible = 0;
			defaultConfigurationName = Release;
		};
		BD4C6BBF2B42AA020041E115 /* Build configuration list for PBXNativeTarget "Coin" */ = {
			isa = XCConfigurationList;
			buildConfigurations = (
				BD4C6BC02B42AA020041E115 /* Debug */,
				BD4C6BC12B42AA020041E115 /* Release */,
			);
			defaultConfigurationIsVisible = 0;
			defaultConfigurationName = Release;
		};
/* End XCConfigurationList section */
	};
	rootObject = BD4C6BA92B42AA010041E115 /* Project object */;
}
